
Microsoft Visual Studio Solution File, Format Version 12.00
# Visual Studio Version 17
VisualStudioVersion = 17.0.31903.59
MinimumVisualStudioVersion = 10.0.40219.1
Project("{2150E333-8FDC-42A3-9474-1A3956D46DE8}") = "tests", "tests", "{0AB3BF05-4346-4AA6-1389-037BE0695223}"
EndProject
Project("{FAE04EC0-301F-11D3-BF4B-00C04F79EFBC}") = "Frogbot.Tests", "tests\Frogbot.Tests\Frogbot.Tests.csproj", "{4CD7021F-F13A-4E1F-B496-BCD24E608AE9}"
EndProject
Project("{FAE04EC0-301F-11D3-BF4B-00C04F79EFBC}") = "Frogbot", "Frogbot\Frogbot.csproj", "{BB207CC2-2ABC-45EA-BA5F-D08CC7BE1307}"
EndProject
Project("{FAE04EC0-301F-11D3-BF4B-00C04F79EFBC}") = "Frogbot.Database", "Frogbot.Database\Frogbot.Database.csproj", "{8F0989A7-767D-4FD0-9545-CA5ECF1B7098}"
EndProject
Project("{2150E333-8FDC-42A3-9474-1A3956D46DE8}") = "Solution Items", "Solution Items", "{02EA681E-C7D8-13C7-8484-4AC65E1B71E8}"
	ProjectSection(SolutionItems) = preProject
		.editorconfig = .editorconfig
	EndProjectSection
EndProject
Global
	GlobalSection(SolutionConfigurationPlatforms) = preSolution
		Debug|Any CPU = Debug|Any CPU
		Debug|x64 = Debug|x64
		Debug|x86 = Debug|x86
		Release|Any CPU = Release|Any CPU
		Release|x64 = Release|x64
		Release|x86 = Release|x86
	EndGlobalSection
	GlobalSection(ProjectConfigurationPlatforms) = postSolution
		{4CD7021F-F13A-4E1F-B496-BCD24E608AE9}.Debug|Any CPU.ActiveCfg = Debug|Any CPU
		{4CD7021F-F13A-4E1F-B496-BCD24E608AE9}.Debug|Any CPU.Build.0 = Debug|Any CPU
		{4CD7021F-F13A-4E1F-B496-BCD24E608AE9}.Debug|x64.ActiveCfg = Debug|Any CPU
		{4CD7021F-F13A-4E1F-B496-BCD24E608AE9}.Debug|x64.Build.0 = Debug|Any CPU
		{4CD7021F-F13A-4E1F-B496-BCD24E608AE9}.Debug|x86.ActiveCfg = Debug|Any CPU
		{4CD7021F-F13A-4E1F-B496-BCD24E608AE9}.Debug|x86.Build.0 = Debug|Any CPU
		{4CD7021F-F13A-4E1F-B496-BCD24E608AE9}.Release|Any CPU.ActiveCfg = Release|Any CPU
		{4CD7021F-F13A-4E1F-B496-BCD24E608AE9}.Release|Any CPU.Build.0 = Release|Any CPU
		{4CD7021F-F13A-4E1F-B496-BCD24E608AE9}.Release|x64.ActiveCfg = Release|Any CPU
		{4CD7021F-F13A-4E1F-B496-BCD24E608AE9}.Release|x64.Build.0 = Release|Any CPU
		{4CD7021F-F13A-4E1F-B496-BCD24E608AE9}.Release|x86.ActiveCfg = Release|Any CPU
		{4CD7021F-F13A-4E1F-B496-BCD24E608AE9}.Release|x86.Build.0 = Release|Any CPU
		{BB207CC2-2ABC-45EA-BA5F-D08CC7BE1307}.Debug|Any CPU.ActiveCfg = Debug|Any CPU
		{BB207CC2-2ABC-45EA-BA5F-D08CC7BE1307}.Debug|Any CPU.Build.0 = Debug|Any CPU
		{BB207CC2-2ABC-45EA-BA5F-D08CC7BE1307}.Debug|x64.ActiveCfg = Debug|Any CPU
		{BB207CC2-2ABC-45EA-BA5F-D08CC7BE1307}.Debug|x64.Build.0 = Debug|Any CPU
		{BB207CC2-2ABC-45EA-BA5F-D08CC7BE1307}.Debug|x86.ActiveCfg = Debug|Any CPU
		{BB207CC2-2ABC-45EA-BA5F-D08CC7BE1307}.Debug|x86.Build.0 = Debug|Any CPU
		{BB207CC2-2ABC-45EA-BA5F-D08CC7BE1307}.Release|Any CPU.ActiveCfg = Release|Any CPU
		{BB207CC2-2ABC-45EA-BA5F-D08CC7BE1307}.Release|Any CPU.Build.0 = Release|Any CPU
		{BB207CC2-2ABC-45EA-BA5F-D08CC7BE1307}.Release|x64.ActiveCfg = Release|Any CPU
		{BB207CC2-2ABC-45EA-BA5F-D08CC7BE1307}.Release|x64.Build.0 = Release|Any CPU
		{BB207CC2-2ABC-45EA-BA5F-D08CC7BE1307}.Release|x86.ActiveCfg = Release|Any CPU
		{BB207CC2-2ABC-45EA-BA5F-D08CC7BE1307}.Release|x86.Build.0 = Release|Any CPU
		{8F0989A7-767D-4FD0-9545-CA5ECF1B7098}.Debug|Any CPU.ActiveCfg = Debug|Any CPU
		{8F0989A7-767D-4FD0-9545-CA5ECF1B7098}.Debug|Any CPU.Build.0 = Debug|Any CPU
		{8F0989A7-767D-4FD0-9545-CA5ECF1B7098}.Debug|x64.ActiveCfg = Debug|Any CPU
		{8F0989A7-767D-4FD0-9545-CA5ECF1B7098}.Debug|x64.Build.0 = Debug|Any CPU
		{8F0989A7-767D-4FD0-9545-CA5ECF1B7098}.Debug|x86.ActiveCfg = Debug|Any CPU
		{8F0989A7-767D-4FD0-9545-CA5ECF1B7098}.Debug|x86.Build.0 = Debug|Any CPU
		{8F0989A7-767D-4FD0-9545-CA5ECF1B7098}.Release|Any CPU.ActiveCfg = Release|Any CPU
		{8F0989A7-767D-4FD0-9545-CA5ECF1B7098}.Release|Any CPU.Build.0 = Release|Any CPU
		{8F0989A7-767D-4FD0-9545-CA5ECF1B7098}.Release|x64.ActiveCfg = Release|Any CPU
		{8F0989A7-767D-4FD0-9545-CA5ECF1B7098}.Release|x64.Build.0 = Release|Any CPU
		{8F0989A7-767D-4FD0-9545-CA5ECF1B7098}.Release|x86.ActiveCfg = Release|Any CPU
		{8F0989A7-767D-4FD0-9545-CA5ECF1B7098}.Release|x86.Build.0 = Release|Any CPU
	EndGlobalSection
	GlobalSection(SolutionProperties) = preSolution
		HideSolutionNode = FALSE
	EndGlobalSection
	GlobalSection(NestedProjects) = preSolution
		{4CD7021F-F13A-4E1F-B496-BCD24E608AE9} = {0AB3BF05-4346-4AA6-1389-037BE0695223}
		{BB207CC2-2ABC-45EA-BA5F-D08CC7BE1307} = {827E0CD3-B72D-47B6-A68D-7590B98EB39B}
		{8F0989A7-767D-4FD0-9545-CA5ECF1B7098} = {827E0CD3-B72D-47B6-A68D-7590B98EB39B}
	EndGlobalSection
	GlobalSection(ExtensibilityGlobals) = postSolution
		SolutionGuid = {1419F2E9-7EBA-4644-9B43-FBC047D57C72}
	EndGlobalSection
EndGlobal
